
Microsoft Visual Studio Solution File, Format Version 12.00
# Visual Studio Version 17
VisualStudioVersion = 17.7.34003.232
MinimumVisualStudioVersion = 10.0.40219.1
Project("{FAE04EC0-301F-11D3-BF4B-00C04F79EFBC}") = "BaiThucHanh1", "BaiThucHanh1\BaiThucHanh1.csproj", "{469543D9-035B-4253-915E-22A034EA584B}"
EndProject
Global
	GlobalSection(SolutionConfigurationPlatforms) = preSolution
		Debug|Any CPU = Debug|Any CPU
		Release|Any CPU = Release|Any CPU
	EndGlobalSection
	GlobalSection(ProjectConfigurationPlatforms) = postSolution
		{469543D9-035B-4253-915E-22A034EA584B}.Debug|Any CPU.ActiveCfg = Debug|Any CPU
		{469543D9-035B-4253-915E-22A034EA584B}.Debug|Any CPU.Build.0 = Debug|Any CPU
		{469543D9-035B-4253-915E-22A034EA584B}.Release|Any CPU.ActiveCfg = Release|Any CPU
		{469543D9-035B-4253-915E-22A034EA584B}.Release|Any CPU.Build.0 = Release|Any CPU
	EndGlobalSection
	GlobalSection(SolutionProperties) = preSolution
		HideSolutionNode = FALSE
	EndGlobalSection
	GlobalSection(ExtensibilityGlobals) = postSolution
		SolutionGuid = {E7CB6A94-7058-4407-8E2B-C2560B3FBC4B}
	EndGlobalSection
EndGlobal
